
Microsoft Visual Studio Solution File, Format Version 12.00
# Visual Studio 2012
Project("{8BC9CEB8-8B4A-11D0-8D11-00A0C91BC942}") = "win32_console_project", "win32_console_project\win32_console_project.vcxproj", "{49EA4F2C-13E5-431B-880E-DB5698571244}"
EndProject
Global
	GlobalSection(SolutionConfigurationPlatforms) = preSolution
		Debug|Win32 = Debug|Win32
		Release|Win32 = Release|Win32
	EndGlobalSection
	GlobalSection(ProjectConfigurationPlatforms) = postSolution
		{49EA4F2C-13E5-431B-880E-DB5698571244}.Debug|Win32.ActiveCfg = Debug|Win32
		{49EA4F2C-13E5-431B-880E-DB5698571244}.Debug|Win32.Build.0 = Debug|Win32
		{49EA4F2C-13E5-431B-880E-DB5698571244}.Release|Win32.ActiveCfg = Release|Win32
		{49EA4F2C-13E5-431B-880E-DB5698571244}.Release|Win32.Build.0 = Release|Win32
	EndGlobalSection
	GlobalSection(SolutionProperties) = preSolution
		HideSolutionNode = FALSE
	EndGlobalSection
EndGlobal
